
Microsoft Visual Studio Solution File, Format Version 12.00
# Visual Studio Version 16
VisualStudioVersion = 16.0.30523.141
MinimumVisualStudioVersion = 10.0.40219.1
Project("{FAE04EC0-301F-11D3-BF4B-00C04F79EFBC}") = "BaseDatos", "BaseDatos\BaseDatos.csproj", "{B2B836DB-64A3-4D46-A9B1-AF79C0F90F17}"
EndProject
Global
	GlobalSection(SolutionConfigurationPlatforms) = preSolution
		Debug|Any CPU = Debug|Any CPU
		Release|Any CPU = Release|Any CPU
	EndGlobalSection
	GlobalSection(ProjectConfigurationPlatforms) = postSolution
		{B2B836DB-64A3-4D46-A9B1-AF79C0F90F17}.Debug|Any CPU.ActiveCfg = Debug|Any CPU
		{B2B836DB-64A3-4D46-A9B1-AF79C0F90F17}.Debug|Any CPU.Build.0 = Debug|Any CPU
		{B2B836DB-64A3-4D46-A9B1-AF79C0F90F17}.Release|Any CPU.ActiveCfg = Release|Any CPU
		{B2B836DB-64A3-4D46-A9B1-AF79C0F90F17}.Release|Any CPU.Build.0 = Release|Any CPU
	EndGlobalSection
	GlobalSection(SolutionProperties) = preSolution
		HideSolutionNode = FALSE
	EndGlobalSection
	GlobalSection(ExtensibilityGlobals) = postSolution
		SolutionGuid = {30278560-2277-4579-B67D-9BD31B8B5041}
	EndGlobalSection
EndGlobal
